// !$*UTF8*$!
{
	archiveVersion = 1;
	classes = {
	};
	objectVersion = 46;
	objects = {

/* Begin PBXBuildFile section */
		5D3534961F613DB400FAB43F /* SpecialTableViewCell.swift in Sources */ = {isa = PBXBuildFile; fileRef = 5D3534951F613DB400FAB43F /* SpecialTableViewCell.swift */; };
		5D47103E1F5971F700E4F2D2 /* AppDelegate.swift in Sources */ = {isa = PBXBuildFile; fileRef = 5D47103D1F5971F700E4F2D2 /* AppDelegate.swift */; };
		5D4710431F5971F700E4F2D2 /* Main.storyboard in Resources */ = {isa = PBXBuildFile; fileRef = 5D4710411F5971F700E4F2D2 /* Main.storyboard */; };
		5D4710451F5971F700E4F2D2 /* Assets.xcassets in Resources */ = {isa = PBXBuildFile; fileRef = 5D4710441F5971F700E4F2D2 /* Assets.xcassets */; };
		5D4710481F5971F700E4F2D2 /* LaunchScreen.storyboard in Resources */ = {isa = PBXBuildFile; fileRef = 5D4710461F5971F700E4F2D2 /* LaunchScreen.storyboard */; };
		5D47105A1F59737500E4F2D2 /* TableViewController.swift in Sources */ = {isa = PBXBuildFile; fileRef = 5D4710591F59737500E4F2D2 /* TableViewController.swift */; };
		5D58B0751F5FE36B00C6D9F5 /* CellData.swift in Sources */ = {isa = PBXBuildFile; fileRef = 5D58B0741F5FE36B00C6D9F5 /* CellData.swift */; };
		882980BDA77450836DF8AA30 /* Pods_EasyTablesDemo.framework in Frameworks */ = {isa = PBXBuildFile; fileRef = C10C56C1BC99F896E3735CE0 /* Pods_EasyTablesDemo.framework */; };
/* End PBXBuildFile section */

/* Begin PBXContainerItemProxy section */
		5D4710621F5A001F00E4F2D2 /* PBXContainerItemProxy */ = {
			isa = PBXContainerItemProxy;
			containerPortal = 5D47105E1F5A001F00E4F2D2 /* EasyTables.xcodeproj */;
			proxyType = 2;
			remoteGlobalIDString = 5DEA0E371F570B6B00B2972A;
			remoteInfo = EasyTables;
		};
/* End PBXContainerItemProxy section */

/* Begin PBXCopyFilesBuildPhase section */
		5D01A7B91F69642800BB30C3 /* Embed Frameworks */ = {
			isa = PBXCopyFilesBuildPhase;
			buildActionMask = 2147483647;
			dstPath = "";
			dstSubfolderSpec = 10;
			files = (
			);
			name = "Embed Frameworks";
			runOnlyForDeploymentPostprocessing = 0;
		};
/* End PBXCopyFilesBuildPhase section */

/* Begin PBXFileReference section */
		5D3534951F613DB400FAB43F /* SpecialTableViewCell.swift */ = {isa = PBXFileReference; fileEncoding = 4; lastKnownFileType = sourcecode.swift; path = SpecialTableViewCell.swift; sourceTree = "<group>"; };
		5D47103A1F5971F700E4F2D2 /* EasyTablesDemo.app */ = {isa = PBXFileReference; explicitFileType = wrapper.application; includeInIndex = 0; path = EasyTablesDemo.app; sourceTree = BUILT_PRODUCTS_DIR; };
		5D47103D1F5971F700E4F2D2 /* AppDelegate.swift */ = {isa = PBXFileReference; lastKnownFileType = sourcecode.swift; path = AppDelegate.swift; sourceTree = "<group>"; };
		5D4710421F5971F700E4F2D2 /* Base */ = {isa = PBXFileReference; lastKnownFileType = file.storyboard; name = Base; path = Base.lproj/Main.storyboard; sourceTree = "<group>"; };
		5D4710441F5971F700E4F2D2 /* Assets.xcassets */ = {isa = PBXFileReference; lastKnownFileType = folder.assetcatalog; path = Assets.xcassets; sourceTree = "<group>"; };
		5D4710471F5971F700E4F2D2 /* Base */ = {isa = PBXFileReference; lastKnownFileType = file.storyboard; name = Base; path = Base.lproj/LaunchScreen.storyboard; sourceTree = "<group>"; };
		5D4710491F5971F700E4F2D2 /* Info.plist */ = {isa = PBXFileReference; lastKnownFileType = text.plist.xml; path = Info.plist; sourceTree = "<group>"; };
		5D4710591F59737500E4F2D2 /* TableViewController.swift */ = {isa = PBXFileReference; fileEncoding = 4; lastKnownFileType = sourcecode.swift; path = TableViewController.swift; sourceTree = "<group>"; };
		5D47105E1F5A001F00E4F2D2 /* EasyTables.xcodeproj */ = {isa = PBXFileReference; lastKnownFileType = "wrapper.pb-project"; name = EasyTables.xcodeproj; path = ../EasyTables/EasyTables.xcodeproj; sourceTree = "<group>"; };
		5D58B0741F5FE36B00C6D9F5 /* CellData.swift */ = {isa = PBXFileReference; fileEncoding = 4; lastKnownFileType = sourcecode.swift; path = CellData.swift; sourceTree = "<group>"; };
		740BDF10DA9065AADAB65E02 /* Pods-EasyTablesDemo.debug.xcconfig */ = {isa = PBXFileReference; includeInIndex = 1; lastKnownFileType = text.xcconfig; name = "Pods-EasyTablesDemo.debug.xcconfig"; path = "Pods/Target Support Files/Pods-EasyTablesDemo/Pods-EasyTablesDemo.debug.xcconfig"; sourceTree = "<group>"; };
		7F19C05E5DF09D316D6909CD /* Pods-EasyTablesDemo.release.xcconfig */ = {isa = PBXFileReference; includeInIndex = 1; lastKnownFileType = text.xcconfig; name = "Pods-EasyTablesDemo.release.xcconfig"; path = "Pods/Target Support Files/Pods-EasyTablesDemo/Pods-EasyTablesDemo.release.xcconfig"; sourceTree = "<group>"; };
		C10C56C1BC99F896E3735CE0 /* Pods_EasyTablesDemo.framework */ = {isa = PBXFileReference; explicitFileType = wrapper.framework; includeInIndex = 0; path = Pods_EasyTablesDemo.framework; sourceTree = BUILT_PRODUCTS_DIR; };
/* End PBXFileReference section */

/* Begin PBXFrameworksBuildPhase section */
		5D4710371F5971F700E4F2D2 /* Frameworks */ = {
			isa = PBXFrameworksBuildPhase;
			buildActionMask = 2147483647;
			files = (
				882980BDA77450836DF8AA30 /* Pods_EasyTablesDemo.framework in Frameworks */,
			);
			runOnlyForDeploymentPostprocessing = 0;
		};
/* End PBXFrameworksBuildPhase section */

/* Begin PBXGroup section */
		5D4710311F5971F700E4F2D2 = {
			isa = PBXGroup;
			children = (
				5D47105E1F5A001F00E4F2D2 /* EasyTables.xcodeproj */,
				5D47103C1F5971F700E4F2D2 /* EasyTablesDemo */,
				5D47103B1F5971F700E4F2D2 /* Products */,
				7999ADCA961CC11CDBCABDEF /* Pods */,
				B759DC3D1EBA4D7A3D1F2C7D /* Frameworks */,
			);
			sourceTree = "<group>";
		};
		5D47103B1F5971F700E4F2D2 /* Products */ = {
			isa = PBXGroup;
			children = (
				5D47103A1F5971F700E4F2D2 /* EasyTablesDemo.app */,
			);
			name = Products;
			sourceTree = "<group>";
		};
		5D47103C1F5971F700E4F2D2 /* EasyTablesDemo */ = {
			isa = PBXGroup;
			children = (
				5D47103D1F5971F700E4F2D2 /* AppDelegate.swift */,
				5D4710411F5971F700E4F2D2 /* Main.storyboard */,
				5D4710441F5971F700E4F2D2 /* Assets.xcassets */,
				5D4710461F5971F700E4F2D2 /* LaunchScreen.storyboard */,
				5D4710491F5971F700E4F2D2 /* Info.plist */,
				5D4710591F59737500E4F2D2 /* TableViewController.swift */,
				5D58B0741F5FE36B00C6D9F5 /* CellData.swift */,
				5D3534951F613DB400FAB43F /* SpecialTableViewCell.swift */,
			);
			path = EasyTablesDemo;
			sourceTree = "<group>";
		};
		5D47105F1F5A001F00E4F2D2 /* Products */ = {
			isa = PBXGroup;
			children = (
				5D4710631F5A001F00E4F2D2 /* EasyTables.framework */,
			);
			name = Products;
			sourceTree = "<group>";
		};
		7999ADCA961CC11CDBCABDEF /* Pods */ = {
			isa = PBXGroup;
			children = (
				740BDF10DA9065AADAB65E02 /* Pods-EasyTablesDemo.debug.xcconfig */,
				7F19C05E5DF09D316D6909CD /* Pods-EasyTablesDemo.release.xcconfig */,
			);
			name = Pods;
			sourceTree = "<group>";
		};
		B759DC3D1EBA4D7A3D1F2C7D /* Frameworks */ = {
			isa = PBXGroup;
			children = (
				C10C56C1BC99F896E3735CE0 /* Pods_EasyTablesDemo.framework */,
			);
			name = Frameworks;
			sourceTree = "<group>";
		};
/* End PBXGroup section */

/* Begin PBXNativeTarget section */
		5D4710391F5971F700E4F2D2 /* EasyTablesDemo */ = {
			isa = PBXNativeTarget;
			buildConfigurationList = 5D47104C1F5971F700E4F2D2 /* Build configuration list for PBXNativeTarget "EasyTablesDemo" */;
			buildPhases = (
				AE0DDE8517D9176973E29723 /* [CP] Check Pods Manifest.lock */,
				5D4710361F5971F700E4F2D2 /* Sources */,
				5D4710371F5971F700E4F2D2 /* Frameworks */,
				5D4710381F5971F700E4F2D2 /* Resources */,
				5D01A7B91F69642800BB30C3 /* Embed Frameworks */,
				BA2A373B297A6D5A7E7F465A /* [CP] Embed Pods Frameworks */,
				488E0855E420B1B9B2BB5C73 /* [CP] Copy Pods Resources */,
			);
			buildRules = (
			);
			dependencies = (
			);
			name = EasyTablesDemo;
			productName = EasyTablesDemo;
			productReference = 5D47103A1F5971F700E4F2D2 /* EasyTablesDemo.app */;
			productType = "com.apple.product-type.application";
		};
/* End PBXNativeTarget section */

/* Begin PBXProject section */
		5D4710321F5971F700E4F2D2 /* Project object */ = {
			isa = PBXProject;
			attributes = {
				LastSwiftUpdateCheck = 0830;
				LastUpgradeCheck = 0900;
				ORGANIZATIONNAME = powerLABS;
				TargetAttributes = {
					5D4710391F5971F700E4F2D2 = {
						CreatedOnToolsVersion = 8.3.3;
						DevelopmentTeam = VV9533Q8L7;
						LastSwiftMigration = 0900;
						ProvisioningStyle = Automatic;
					};
				};
			};
			buildConfigurationList = 5D4710351F5971F700E4F2D2 /* Build configuration list for PBXProject "EasyTablesDemo" */;
			compatibilityVersion = "Xcode 3.2";
			developmentRegion = English;
			hasScannedForEncodings = 0;
			knownRegions = (
				en,
				Base,
			);
			mainGroup = 5D4710311F5971F700E4F2D2;
			productRefGroup = 5D47103B1F5971F700E4F2D2 /* Products */;
			projectDirPath = "";
			projectReferences = (
				{
					ProductGroup = 5D47105F1F5A001F00E4F2D2 /* Products */;
					ProjectRef = 5D47105E1F5A001F00E4F2D2 /* EasyTables.xcodeproj */;
				},
			);
			projectRoot = "";
			targets = (
				5D4710391F5971F700E4F2D2 /* EasyTablesDemo */,
			);
		};
/* End PBXProject section */

/* Begin PBXReferenceProxy section */
		5D4710631F5A001F00E4F2D2 /* EasyTables.framework */ = {
			isa = PBXReferenceProxy;
			fileType = wrapper.framework;
			path = EasyTables.framework;
			remoteRef = 5D4710621F5A001F00E4F2D2 /* PBXContainerItemProxy */;
			sourceTree = BUILT_PRODUCTS_DIR;
		};
/* End PBXReferenceProxy section */

/* Begin PBXResourcesBuildPhase section */
		5D4710381F5971F700E4F2D2 /* Resources */ = {
			isa = PBXResourcesBuildPhase;
			buildActionMask = 2147483647;
			files = (
				5D4710481F5971F700E4F2D2 /* LaunchScreen.storyboard in Resources */,
				5D4710451F5971F700E4F2D2 /* Assets.xcassets in Resources */,
				5D4710431F5971F700E4F2D2 /* Main.storyboard in Resources */,
			);
			runOnlyForDeploymentPostprocessing = 0;
		};
/* End PBXResourcesBuildPhase section */

/* Begin PBXShellScriptBuildPhase section */
		488E0855E420B1B9B2BB5C73 /* [CP] Copy Pods Resources */ = {
			isa = PBXShellScriptBuildPhase;
			buildActionMask = 2147483647;
			files = (
			);
			inputPaths = (
			);
			name = "[CP] Copy Pods Resources";
			outputPaths = (
			);
			runOnlyForDeploymentPostprocessing = 0;
			shellPath = /bin/sh;
			shellScript = "\"${SRCROOT}/Pods/Target Support Files/Pods-EasyTablesDemo/Pods-EasyTablesDemo-resources.sh\"\n";
			showEnvVarsInLog = 0;
		};
		AE0DDE8517D9176973E29723 /* [CP] Check Pods Manifest.lock */ = {
			isa = PBXShellScriptBuildPhase;
			buildActionMask = 2147483647;
			files = (
			);
			inputPaths = (
				"${PODS_PODFILE_DIR_PATH}/Podfile.lock",
				"${PODS_ROOT}/Manifest.lock",
			);
			name = "[CP] Check Pods Manifest.lock";
			outputPaths = (
				"$(DERIVED_FILE_DIR)/Pods-EasyTablesDemo-checkManifestLockResult.txt",
			);
			runOnlyForDeploymentPostprocessing = 0;
			shellPath = /bin/sh;
			shellScript = "diff \"${PODS_PODFILE_DIR_PATH}/Podfile.lock\" \"${PODS_ROOT}/Manifest.lock\" > /dev/null\nif [ $? != 0 ] ; then\n    # print error to STDERR\n    echo \"error: The sandbox is not in sync with the Podfile.lock. Run 'pod install' or update your CocoaPods installation.\" >&2\n    exit 1\nfi\n# This output is used by Xcode 'outputs' to avoid re-running this script phase.\necho \"SUCCESS\" > \"${SCRIPT_OUTPUT_FILE_0}\"\n";
			showEnvVarsInLog = 0;
		};
		BA2A373B297A6D5A7E7F465A /* [CP] Embed Pods Frameworks */ = {
			isa = PBXShellScriptBuildPhase;
			buildActionMask = 2147483647;
			files = (
			);
			inputPaths = (
				"${SRCROOT}/Pods/Target Support Files/Pods-EasyTablesDemo/Pods-EasyTablesDemo-frameworks.sh",
				"${BUILT_PRODUCTS_DIR}/EasyTables/EasyTables.framework",
			);
			name = "[CP] Embed Pods Frameworks";
			outputPaths = (
				"${TARGET_BUILD_DIR}/${FRAMEWORKS_FOLDER_PATH}/EasyTables.framework",
			);
			runOnlyForDeploymentPostprocessing = 0;
			shellPath = /bin/sh;
			shellScript = "\"${SRCROOT}/Pods/Target Support Files/Pods-EasyTablesDemo/Pods-EasyTablesDemo-frameworks.sh\"\n";
			showEnvVarsInLog = 0;
		};
/* End PBXShellScriptBuildPhase section */

/* Begin PBXSourcesBuildPhase section */
		5D4710361F5971F700E4F2D2 /* Sources */ = {
			isa = PBXSourcesBuildPhase;
			buildActionMask = 2147483647;
			files = (
				5D47103E1F5971F700E4F2D2 /* AppDelegate.swift in Sources */,
				5D3534961F613DB400FAB43F /* SpecialTableViewCell.swift in Sources */,
				5D47105A1F59737500E4F2D2 /* TableViewController.swift in Sources */,
				5D58B0751F5FE36B00C6D9F5 /* CellData.swift in Sources */,
			);
			runOnlyForDeploymentPostprocessing = 0;
		};
/* End PBXSourcesBuildPhase section */

/* Begin PBXVariantGroup section */
		5D4710411F5971F700E4F2D2 /* Main.storyboard */ = {
			isa = PBXVariantGroup;
			children = (
				5D4710421F5971F700E4F2D2 /* Base */,
			);
			name = Main.storyboard;
			sourceTree = "<group>";
		};
		5D4710461F5971F700E4F2D2 /* LaunchScreen.storyboard */ = {
			isa = PBXVariantGroup;
			children = (
				5D4710471F5971F700E4F2D2 /* Base */,
			);
			name = LaunchScreen.storyboard;
			sourceTree = "<group>";
		};
/* End PBXVariantGroup section */

/* Begin XCBuildConfiguration section */
		5D47104A1F5971F700E4F2D2 /* Debug */ = {
			isa = XCBuildConfiguration;
			buildSettings = {
				ALWAYS_SEARCH_USER_PATHS = NO;
				CLANG_ANALYZER_NONNULL = YES;
				CLANG_ANALYZER_NUMBER_OBJECT_CONVERSION = YES_AGGRESSIVE;
				CLANG_CXX_LANGUAGE_STANDARD = "gnu++0x";
				CLANG_CXX_LIBRARY = "libc++";
				CLANG_ENABLE_MODULES = YES;
				CLANG_ENABLE_OBJC_ARC = YES;
				CLANG_WARN_BLOCK_CAPTURE_AUTORELEASING = YES;
				CLANG_WARN_BOOL_CONVERSION = YES;
				CLANG_WARN_COMMA = YES;
				CLANG_WARN_CONSTANT_CONVERSION = YES;
				CLANG_WARN_DIRECT_OBJC_ISA_USAGE = YES_ERROR;
				CLANG_WARN_DOCUMENTATION_COMMENTS = YES;
				CLANG_WARN_EMPTY_BODY = YES;
				CLANG_WARN_ENUM_CONVERSION = YES;
				CLANG_WARN_INFINITE_RECURSION = YES;
				CLANG_WARN_INT_CONVERSION = YES;
				CLANG_WARN_NON_LITERAL_NULL_CONVERSION = YES;
				CLANG_WARN_OBJC_LITERAL_CONVERSION = YES;
				CLANG_WARN_OBJC_ROOT_CLASS = YES_ERROR;
				CLANG_WARN_RANGE_LOOP_ANALYSIS = YES;
				CLANG_WARN_STRICT_PROTOTYPES = YES;
				CLANG_WARN_SUSPICIOUS_MOVE = YES;
				CLANG_WARN_UNREACHABLE_CODE = YES;
				CLANG_WARN__DUPLICATE_METHOD_MATCH = YES;
				"CODE_SIGN_IDENTITY[sdk=iphoneos*]" = "iPhone Developer";
				COPY_PHASE_STRIP = NO;
				DEBUG_INFORMATION_FORMAT = dwarf;
				ENABLE_STRICT_OBJC_MSGSEND = YES;
				ENABLE_TESTABILITY = YES;
				GCC_C_LANGUAGE_STANDARD = gnu99;
				GCC_DYNAMIC_NO_PIC = NO;
				GCC_NO_COMMON_BLOCKS = YES;
				GCC_OPTIMIZATION_LEVEL = 0;
				GCC_PREPROCESSOR_DEFINITIONS = (
					"DEBUG=1",
					"$(inherited)",
				);
				GCC_WARN_64_TO_32_BIT_CONVERSION = YES;
				GCC_WARN_ABOUT_RETURN_TYPE = YES_ERROR;
				GCC_WARN_UNDECLARED_SELECTOR = YES;
				GCC_WARN_UNINITIALIZED_AUTOS = YES_AGGRESSIVE;
				GCC_WARN_UNUSED_FUNCTION = YES;
				GCC_WARN_UNUSED_VARIABLE = YES;
				IPHONEOS_DEPLOYMENT_TARGET = 10.3;
				MTL_ENABLE_DEBUG_INFO = YES;
				ONLY_ACTIVE_ARCH = YES;
				SDKROOT = iphoneos;
				SWIFT_ACTIVE_COMPILATION_CONDITIONS = DEBUG;
				SWIFT_OPTIMIZATION_LEVEL = "-Onone";
			};
			name = Debug;
		};
		5D47104B1F5971F700E4F2D2 /* Release */ = {
			isa = XCBuildConfiguration;
			buildSettings = {
				ALWAYS_SEARCH_USER_PATHS = NO;
				CLANG_ANALYZER_NONNULL = YES;
				CLANG_ANALYZER_NUMBER_OBJECT_CONVERSION = YES_AGGRESSIVE;
				CLANG_CXX_LANGUAGE_STANDARD = "gnu++0x";
				CLANG_CXX_LIBRARY = "libc++";
				CLANG_ENABLE_MODULES = YES;
				CLANG_ENABLE_OBJC_ARC = YES;
				CLANG_WARN_BLOCK_CAPTURE_AUTORELEASING = YES;
				CLANG_WARN_BOOL_CONVERSION = YES;
				CLANG_WARN_COMMA = YES;
				CLANG_WARN_CONSTANT_CONVERSION = YES;
				CLANG_WARN_DIRECT_OBJC_ISA_USAGE = YES_ERROR;
				CLANG_WARN_DOCUMENTATION_COMMENTS = YES;
				CLANG_WARN_EMPTY_BODY = YES;
				CLANG_WARN_ENUM_CONVERSION = YES;
				CLANG_WARN_INFINITE_RECURSION = YES;
				CLANG_WARN_INT_CONVERSION = YES;
				CLANG_WARN_NON_LITERAL_NULL_CONVERSION = YES;
				CLANG_WARN_OBJC_LITERAL_CONVERSION = YES;
				CLANG_WARN_OBJC_ROOT_CLASS = YES_ERROR;
				CLANG_WARN_RANGE_LOOP_ANALYSIS = YES;
				CLANG_WARN_STRICT_PROTOTYPES = YES;
				CLANG_WARN_SUSPICIOUS_MOVE = YES;
				CLANG_WARN_UNREACHABLE_CODE = YES;
				CLANG_WARN__DUPLICATE_METHOD_MATCH = YES;
				"CODE_SIGN_IDENTITY[sdk=iphoneos*]" = "iPhone Developer";
				COPY_PHASE_STRIP = NO;
				DEBUG_INFORMATION_FORMAT = "dwarf-with-dsym";
				ENABLE_NS_ASSERTIONS = NO;
				ENABLE_STRICT_OBJC_MSGSEND = YES;
				GCC_C_LANGUAGE_STANDARD = gnu99;
				GCC_NO_COMMON_BLOCKS = YES;
				GCC_WARN_64_TO_32_BIT_CONVERSION = YES;
				GCC_WARN_ABOUT_RETURN_TYPE = YES_ERROR;
				GCC_WARN_UNDECLARED_SELECTOR = YES;
				GCC_WARN_UNINITIALIZED_AUTOS = YES_AGGRESSIVE;
				GCC_WARN_UNUSED_FUNCTION = YES;
				GCC_WARN_UNUSED_VARIABLE = YES;
				IPHONEOS_DEPLOYMENT_TARGET = 10.3;
				MTL_ENABLE_DEBUG_INFO = NO;
				SDKROOT = iphoneos;
				SWIFT_OPTIMIZATION_LEVEL = "-Owholemodule";
				VALIDATE_PRODUCT = YES;
			};
			name = Release;
		};
		5D47104D1F5971F700E4F2D2 /* Debug */ = {
			isa = XCBuildConfiguration;
			baseConfigurationReference = 740BDF10DA9065AADAB65E02 /* Pods-EasyTablesDemo.debug.xcconfig */;
			buildSettings = {
				ASSETCATALOG_COMPILER_APPICON_NAME = AppIcon;
				DEVELOPMENT_TEAM = VV9533Q8L7;
				INFOPLIST_FILE = EasyTablesDemo/Info.plist;
				LD_RUNPATH_SEARCH_PATHS = "$(inherited) @executable_path/Frameworks";
				PRODUCT_BUNDLE_IDENTIFIER = com.powerlabs.EasyTablesDemo;
				PRODUCT_NAME = "$(TARGET_NAME)";
				SWIFT_VERSION = 4.0;
			};
			name = Debug;
		};
		5D47104E1F5971F700E4F2D2 /* Release */ = {
			isa = XCBuildConfiguration;
			baseConfigurationReference = 7F19C05E5DF09D316D6909CD /* Pods-EasyTablesDemo.release.xcconfig */;
			buildSettings = {
				ASSETCATALOG_COMPILER_APPICON_NAME = AppIcon;
				DEVELOPMENT_TEAM = VV9533Q8L7;
				INFOPLIST_FILE = EasyTablesDemo/Info.plist;
				LD_RUNPATH_SEARCH_PATHS = "$(inherited) @executable_path/Frameworks";
				PRODUCT_BUNDLE_IDENTIFIER = com.powerlabs.EasyTablesDemo;
				PRODUCT_NAME = "$(TARGET_NAME)";
				SWIFT_VERSION = 4.0;
			};
			name = Release;
		};
/* End XCBuildConfiguration section */

/* Begin XCConfigurationList section */
		5D4710351F5971F700E4F2D2 /* Build configuration list for PBXProject "EasyTablesDemo" */ = {
			isa = XCConfigurationList;
			buildConfigurations = (
				5D47104A1F5971F700E4F2D2 /* Debug */,
				5D47104B1F5971F700E4F2D2 /* Release */,
			);
			defaultConfigurationIsVisible = 0;
			defaultConfigurationName = Release;
		};
		5D47104C1F5971F700E4F2D2 /* Build configuration list for PBXNativeTarget "EasyTablesDemo" */ = {
			isa = XCConfigurationList;
			buildConfigurations = (
				5D47104D1F5971F700E4F2D2 /* Debug */,
				5D47104E1F5971F700E4F2D2 /* Release */,
			);
			defaultConfigurationIsVisible = 0;
			defaultConfigurationName = Release;
		};
/* End XCConfigurationList section */
	};
	rootObject = 5D4710321F5971F700E4F2D2 /* Project object */;
}
